
Microsoft Visual Studio Solution File, Format Version 12.00
# Visual Studio Version 17
VisualStudioVersion = 17.11.35208.52
MinimumVisualStudioVersion = 10.0.40219.1
Project("{FAE04EC0-301F-11D3-BF4B-00C04F79EFBC}") = "Laboratorio1", "Laboratorio1\Laboratorio1.csproj", "{A0DF3D03-AF30-41EE-8520-080A47E413FC}"
EndProject
Global
	GlobalSection(SolutionConfigurationPlatforms) = preSolution
		Debug|Any CPU = Debug|Any CPU
		Release|Any CPU = Release|Any CPU
	EndGlobalSection
	GlobalSection(ProjectConfigurationPlatforms) = postSolution
		{A0DF3D03-AF30-41EE-8520-080A47E413FC}.Debug|Any CPU.ActiveCfg = Debug|Any CPU
		{A0DF3D03-AF30-41EE-8520-080A47E413FC}.Debug|Any CPU.Build.0 = Debug|Any CPU
		{A0DF3D03-AF30-41EE-8520-080A47E413FC}.Release|Any CPU.ActiveCfg = Release|Any CPU
		{A0DF3D03-AF30-41EE-8520-080A47E413FC}.Release|Any CPU.Build.0 = Release|Any CPU
	EndGlobalSection
	GlobalSection(SolutionProperties) = preSolution
		HideSolutionNode = FALSE
	EndGlobalSection
	GlobalSection(ExtensibilityGlobals) = postSolution
		SolutionGuid = {9E36D8A0-06CA-4EBF-BA8F-DDE287ACECF0}
	EndGlobalSection
EndGlobal
